// !$*UTF8*$!
{
	archiveVersion = 1;
	classes = {
	};
	objectVersion = 56;
	objects = {

/* Begin PBXBuildFile section */
		79718D082CA977F20003CFC4 /* preasentMeApp.swift in Sources */ = {isa = PBXBuildFile; fileRef = 79718D072CA977F20003CFC4 /* preasentMeApp.swift */; };
		79718D0A2CA977F20003CFC4 /* ContentView.swift in Sources */ = {isa = PBXBuildFile; fileRef = 79718D092CA977F20003CFC4 /* ContentView.swift */; };
		79718D0C2CA977F30003CFC4 /* Assets.xcassets in Resources */ = {isa = PBXBuildFile; fileRef = 79718D0B2CA977F30003CFC4 /* Assets.xcassets */; };
		79718D0F2CA977F30003CFC4 /* Preview Assets.xcassets in Resources */ = {isa = PBXBuildFile; fileRef = 79718D0E2CA977F30003CFC4 /* Preview Assets.xcassets */; };
		79718D192CA977F30003CFC4 /* preasentMeTests.swift in Sources */ = {isa = PBXBuildFile; fileRef = 79718D182CA977F30003CFC4 /* preasentMeTests.swift */; };
		79718D232CA977F30003CFC4 /* preasentMeUITests.swift in Sources */ = {isa = PBXBuildFile; fileRef = 79718D222CA977F30003CFC4 /* preasentMeUITests.swift */; };
		79718D252CA977F30003CFC4 /* preasentMeUITestsLaunchTests.swift in Sources */ = {isa = PBXBuildFile; fileRef = 79718D242CA977F30003CFC4 /* preasentMeUITestsLaunchTests.swift */; };
		79718D322CA9793F0003CFC4 /* lujinmohammed.swift in Sources */ = {isa = PBXBuildFile; fileRef = 79718D312CA9793F0003CFC4 /* lujinmohammed.swift */; };
		79718D342CA979810003CFC4 /* Ghadah.swift in Sources */ = {isa = PBXBuildFile; fileRef = 79718D332CA979810003CFC4 /* Ghadah.swift */; };
		79718D362CA979990003CFC4 /* norahIbraheem.swift in Sources */ = {isa = PBXBuildFile; fileRef = 79718D352CA979990003CFC4 /* norahIbraheem.swift */; };
		79718D382CA979B30003CFC4 /* razan.swift in Sources */ = {isa = PBXBuildFile; fileRef = 79718D372CA979B30003CFC4 /* razan.swift */; };
		79718D3A2CA979DE0003CFC4 /* noraAdosari.swift in Sources */ = {isa = PBXBuildFile; fileRef = 79718D392CA979DE0003CFC4 /* noraAdosari.swift */; };
/* End PBXBuildFile section */

/* Begin PBXContainerItemProxy section */
		79718D152CA977F30003CFC4 /* PBXContainerItemProxy */ = {
			isa = PBXContainerItemProxy;
			containerPortal = 79718CFC2CA977F20003CFC4 /* Project object */;
			proxyType = 1;
			remoteGlobalIDString = 79718D032CA977F20003CFC4;
			remoteInfo = preasentMe;
		};
		79718D1F2CA977F30003CFC4 /* PBXContainerItemProxy */ = {
			isa = PBXContainerItemProxy;
			containerPortal = 79718CFC2CA977F20003CFC4 /* Project object */;
			proxyType = 1;
			remoteGlobalIDString = 79718D032CA977F20003CFC4;
			remoteInfo = preasentMe;
		};
/* End PBXContainerItemProxy section */

/* Begin PBXFileReference section */
		79718D042CA977F20003CFC4 /* preasentMe.app */ = {isa = PBXFileReference; explicitFileType = wrapper.application; includeInIndex = 0; path = preasentMe.app; sourceTree = BUILT_PRODUCTS_DIR; };
		79718D072CA977F20003CFC4 /* preasentMeApp.swift */ = {isa = PBXFileReference; lastKnownFileType = sourcecode.swift; path = preasentMeApp.swift; sourceTree = "<group>"; };
		79718D092CA977F20003CFC4 /* ContentView.swift */ = {isa = PBXFileReference; lastKnownFileType = sourcecode.swift; path = ContentView.swift; sourceTree = "<group>"; };
		79718D0B2CA977F30003CFC4 /* Assets.xcassets */ = {isa = PBXFileReference; lastKnownFileType = folder.assetcatalog; path = Assets.xcassets; sourceTree = "<group>"; };
		79718D0E2CA977F30003CFC4 /* Preview Assets.xcassets */ = {isa = PBXFileReference; lastKnownFileType = folder.assetcatalog; path = "Preview Assets.xcassets"; sourceTree = "<group>"; };
		79718D142CA977F30003CFC4 /* preasentMeTests.xctest */ = {isa = PBXFileReference; explicitFileType = wrapper.cfbundle; includeInIndex = 0; path = preasentMeTests.xctest; sourceTree = BUILT_PRODUCTS_DIR; };
		79718D182CA977F30003CFC4 /* preasentMeTests.swift */ = {isa = PBXFileReference; lastKnownFileType = sourcecode.swift; path = preasentMeTests.swift; sourceTree = "<group>"; };
		79718D1E2CA977F30003CFC4 /* preasentMeUITests.xctest */ = {isa = PBXFileReference; explicitFileType = wrapper.cfbundle; includeInIndex = 0; path = preasentMeUITests.xctest; sourceTree = BUILT_PRODUCTS_DIR; };
		79718D222CA977F30003CFC4 /* preasentMeUITests.swift */ = {isa = PBXFileReference; lastKnownFileType = sourcecode.swift; path = preasentMeUITests.swift; sourceTree = "<group>"; };
		79718D242CA977F30003CFC4 /* preasentMeUITestsLaunchTests.swift */ = {isa = PBXFileReference; lastKnownFileType = sourcecode.swift; path = preasentMeUITestsLaunchTests.swift; sourceTree = "<group>"; };
		79718D312CA9793F0003CFC4 /* lujinmohammed.swift */ = {isa = PBXFileReference; lastKnownFileType = sourcecode.swift; path = lujinmohammed.swift; sourceTree = "<group>"; };
		79718D332CA979810003CFC4 /* Ghadah.swift */ = {isa = PBXFileReference; lastKnownFileType = sourcecode.swift; path = Ghadah.swift; sourceTree = "<group>"; };
		79718D352CA979990003CFC4 /* norahIbraheem.swift */ = {isa = PBXFileReference; lastKnownFileType = sourcecode.swift; path = norahIbraheem.swift; sourceTree = "<group>"; };
		79718D372CA979B30003CFC4 /* razan.swift */ = {isa = PBXFileReference; lastKnownFileType = sourcecode.swift; path = razan.swift; sourceTree = "<group>"; };
		79718D392CA979DE0003CFC4 /* noraAdosari.swift */ = {isa = PBXFileReference; lastKnownFileType = sourcecode.swift; path = noraAdosari.swift; sourceTree = "<group>"; };
/* End PBXFileReference section */

/* Begin PBXFrameworksBuildPhase section */
		79718D012CA977F20003CFC4 /* Frameworks */ = {
			isa = PBXFrameworksBuildPhase;
			buildActionMask = 2147483647;
			files = (
			);
			runOnlyForDeploymentPostprocessing = 0;
		};
		79718D112CA977F30003CFC4 /* Frameworks */ = {
			isa = PBXFrameworksBuildPhase;
			buildActionMask = 2147483647;
			files = (
			);
			runOnlyForDeploymentPostprocessing = 0;
		};
		79718D1B2CA977F30003CFC4 /* Frameworks */ = {
			isa = PBXFrameworksBuildPhase;
			buildActionMask = 2147483647;
			files = (
			);
			runOnlyForDeploymentPostprocessing = 0;
		};
/* End PBXFrameworksBuildPhase section */

/* Begin PBXGroup section */
		79718CFB2CA977F20003CFC4 = {
			isa = PBXGroup;
			children = (
				79718D312CA9793F0003CFC4 /* lujinmohammed.swift */,
				79718D332CA979810003CFC4 /* Ghadah.swift */,
				79718D352CA979990003CFC4 /* norahIbraheem.swift */,
				79718D372CA979B30003CFC4 /* razan.swift */,
				79718D392CA979DE0003CFC4 /* noraAdosari.swift */,
				79718D062CA977F20003CFC4 /* preasentMe */,
				79718D172CA977F30003CFC4 /* preasentMeTests */,
				79718D212CA977F30003CFC4 /* preasentMeUITests */,
				79718D052CA977F20003CFC4 /* Products */,
			);
			sourceTree = "<group>";
		};
		79718D052CA977F20003CFC4 /* Products */ = {
			isa = PBXGroup;
			children = (
				79718D042CA977F20003CFC4 /* preasentMe.app */,
				79718D142CA977F30003CFC4 /* preasentMeTests.xctest */,
				79718D1E2CA977F30003CFC4 /* preasentMeUITests.xctest */,
			);
			name = Products;
			sourceTree = "<group>";
		};
		79718D062CA977F20003CFC4 /* preasentMe */ = {
			isa = PBXGroup;
			children = (
				79718D072CA977F20003CFC4 /* preasentMeApp.swift */,
				79718D092CA977F20003CFC4 /* ContentView.swift */,
				79718D0B2CA977F30003CFC4 /* Assets.xcassets */,
				79718D0D2CA977F30003CFC4 /* Preview Content */,
			);
			path = preasentMe;
			sourceTree = "<group>";
		};
		79718D0D2CA977F30003CFC4 /* Preview Content */ = {
			isa = PBXGroup;
			children = (
				79718D0E2CA977F30003CFC4 /* Preview Assets.xcassets */,
			);
			path = "Preview Content";
			sourceTree = "<group>";
		};
		79718D172CA977F30003CFC4 /* preasentMeTests */ = {
			isa = PBXGroup;
			children = (
				79718D182CA977F30003CFC4 /* preasentMeTests.swift */,
			);
			path = preasentMeTests;
			sourceTree = "<group>";
		};
		79718D212CA977F30003CFC4 /* preasentMeUITests */ = {
			isa = PBXGroup;
			children = (
				79718D222CA977F30003CFC4 /* preasentMeUITests.swift */,
				79718D242CA977F30003CFC4 /* preasentMeUITestsLaunchTests.swift */,
			);
			path = preasentMeUITests;
			sourceTree = "<group>";
		};
/* End PBXGroup section */

/* Begin PBXNativeTarget section */
		79718D032CA977F20003CFC4 /* preasentMe */ = {
			isa = PBXNativeTarget;
			buildConfigurationList = 79718D282CA977F30003CFC4 /* Build configuration list for PBXNativeTarget "preasentMe" */;
			buildPhases = (
				79718D002CA977F20003CFC4 /* Sources */,
				79718D012CA977F20003CFC4 /* Frameworks */,
				79718D022CA977F20003CFC4 /* Resources */,
			);
			buildRules = (
			);
			dependencies = (
			);
			name = preasentMe;
			productName = preasentMe;
			productReference = 79718D042CA977F20003CFC4 /* preasentMe.app */;
			productType = "com.apple.product-type.application";
		};
		79718D132CA977F30003CFC4 /* preasentMeTests */ = {
			isa = PBXNativeTarget;
			buildConfigurationList = 79718D2B2CA977F30003CFC4 /* Build configuration list for PBXNativeTarget "preasentMeTests" */;
			buildPhases = (
				79718D102CA977F30003CFC4 /* Sources */,
				79718D112CA977F30003CFC4 /* Frameworks */,
				79718D122CA977F30003CFC4 /* Resources */,
			);
			buildRules = (
			);
			dependencies = (
				79718D162CA977F30003CFC4 /* PBXTargetDependency */,
			);
			name = preasentMeTests;
			productName = preasentMeTests;
			productReference = 79718D142CA977F30003CFC4 /* preasentMeTests.xctest */;
			productType = "com.apple.product-type.bundle.unit-test";
		};
		79718D1D2CA977F30003CFC4 /* preasentMeUITests */ = {
			isa = PBXNativeTarget;
			buildConfigurationList = 79718D2E2CA977F30003CFC4 /* Build configuration list for PBXNativeTarget "preasentMeUITests" */;
			buildPhases = (
				79718D1A2CA977F30003CFC4 /* Sources */,
				79718D1B2CA977F30003CFC4 /* Frameworks */,
				79718D1C2CA977F30003CFC4 /* Resources */,
			);
			buildRules = (
			);
			dependencies = (
				79718D202CA977F30003CFC4 /* PBXTargetDependency */,
			);
			name = preasentMeUITests;
			productName = preasentMeUITests;
			productReference = 79718D1E2CA977F30003CFC4 /* preasentMeUITests.xctest */;
			productType = "com.apple.product-type.bundle.ui-testing";
		};
/* End PBXNativeTarget section */

/* Begin PBXProject section */
		79718CFC2CA977F20003CFC4 /* Project object */ = {
			isa = PBXProject;
			attributes = {
				BuildIndependentTargetsInParallel = 1;
				LastSwiftUpdateCheck = 1540;
				LastUpgradeCheck = 1540;
				TargetAttributes = {
					79718D032CA977F20003CFC4 = {
						CreatedOnToolsVersion = 15.4;
					};
					79718D132CA977F30003CFC4 = {
						CreatedOnToolsVersion = 15.4;
						TestTargetID = 79718D032CA977F20003CFC4;
					};
					79718D1D2CA977F30003CFC4 = {
						CreatedOnToolsVersion = 15.4;
						TestTargetID = 79718D032CA977F20003CFC4;
					};
				};
			};
			buildConfigurationList = 79718CFF2CA977F20003CFC4 /* Build configuration list for PBXProject "preasentMe" */;
			compatibilityVersion = "Xcode 14.0";
			developmentRegion = en;
			hasScannedForEncodings = 0;
			knownRegions = (
				en,
				Base,
			);
			mainGroup = 79718CFB2CA977F20003CFC4;
			productRefGroup = 79718D052CA977F20003CFC4 /* Products */;
			projectDirPath = "";
			projectRoot = "";
			targets = (
				79718D032CA977F20003CFC4 /* preasentMe */,
				79718D132CA977F30003CFC4 /* preasentMeTests */,
				79718D1D2CA977F30003CFC4 /* preasentMeUITests */,
			);
		};
/* End PBXProject section */

/* Begin PBXResourcesBuildPhase section */
		79718D022CA977F20003CFC4 /* Resources */ = {
			isa = PBXResourcesBuildPhase;
			buildActionMask = 2147483647;
			files = (
				79718D0F2CA977F30003CFC4 /* Preview Assets.xcassets in Resources */,
				79718D0C2CA977F30003CFC4 /* Assets.xcassets in Resources */,
			);
			runOnlyForDeploymentPostprocessing = 0;
		};
		79718D122CA977F30003CFC4 /* Resources */ = {
			isa = PBXResourcesBuildPhase;
			buildActionMask = 2147483647;
			files = (
			);
			runOnlyForDeploymentPostprocessing = 0;
		};
		79718D1C2CA977F30003CFC4 /* Resources */ = {
			isa = PBXResourcesBuildPhase;
			buildActionMask = 2147483647;
			files = (
			);
			runOnlyForDeploymentPostprocessing = 0;
		};
/* End PBXResourcesBuildPhase section */

/* Begin PBXSourcesBuildPhase section */
		79718D002CA977F20003CFC4 /* Sources */ = {
			isa = PBXSourcesBuildPhase;
			buildActionMask = 2147483647;
			files = (
				79718D3A2CA979DE0003CFC4 /* noraAdosari.swift in Sources */,
				79718D362CA979990003CFC4 /* norahIbraheem.swift in Sources */,
				79718D342CA979810003CFC4 /* Ghadah.swift in Sources */,
				79718D0A2CA977F20003CFC4 /* ContentView.swift in Sources */,
				79718D322CA9793F0003CFC4 /* lujinmohammed.swift in Sources */,
				79718D382CA979B30003CFC4 /* razan.swift in Sources */,
				79718D082CA977F20003CFC4 /* preasentMeApp.swift in Sources */,
			);
			runOnlyForDeploymentPostprocessing = 0;
		};
		79718D102CA977F30003CFC4 /* Sources */ = {
			isa = PBXSourcesBuildPhase;
			buildActionMask = 2147483647;
			files = (
				79718D192CA977F30003CFC4 /* preasentMeTests.swift in Sources */,
			);
			runOnlyForDeploymentPostprocessing = 0;
		};
		79718D1A2CA977F30003CFC4 /* Sources */ = {
			isa = PBXSourcesBuildPhase;
			buildActionMask = 2147483647;
			files = (
				79718D252CA977F30003CFC4 /* preasentMeUITestsLaunchTests.swift in Sources */,
				79718D232CA977F30003CFC4 /* preasentMeUITests.swift in Sources */,
			);
			runOnlyForDeploymentPostprocessing = 0;
		};
/* End PBXSourcesBuildPhase section */

/* Begin PBXTargetDependency section */
		79718D162CA977F30003CFC4 /* PBXTargetDependency */ = {
			isa = PBXTargetDependency;
			target = 79718D032CA977F20003CFC4 /* preasentMe */;
			targetProxy = 79718D152CA977F30003CFC4 /* PBXContainerItemProxy */;
		};
		79718D202CA977F30003CFC4 /* PBXTargetDependency */ = {
			isa = PBXTargetDependency;
			target = 79718D032CA977F20003CFC4 /* preasentMe */;
			targetProxy = 79718D1F2CA977F30003CFC4 /* PBXContainerItemProxy */;
		};
/* End PBXTargetDependency section */

/* Begin XCBuildConfiguration section */
		79718D262CA977F30003CFC4 /* Debug */ = {
			isa = XCBuildConfiguration;
			buildSettings = {
				ALWAYS_SEARCH_USER_PATHS = NO;
				ASSETCATALOG_COMPILER_GENERATE_SWIFT_ASSET_SYMBOL_EXTENSIONS = YES;
				CLANG_ANALYZER_NONNULL = YES;
				CLANG_ANALYZER_NUMBER_OBJECT_CONVERSION = YES_AGGRESSIVE;
				CLANG_CXX_LANGUAGE_STANDARD = "gnu++20";
				CLANG_ENABLE_MODULES = YES;
				CLANG_ENABLE_OBJC_ARC = YES;
				CLANG_ENABLE_OBJC_WEAK = YES;
				CLANG_WARN_BLOCK_CAPTURE_AUTORELEASING = YES;
				CLANG_WARN_BOOL_CONVERSION = YES;
				CLANG_WARN_COMMA = YES;
				CLANG_WARN_CONSTANT_CONVERSION = YES;
				CLANG_WARN_DEPRECATED_OBJC_IMPLEMENTATIONS = YES;
				CLANG_WARN_DIRECT_OBJC_ISA_USAGE = YES_ERROR;
				CLANG_WARN_DOCUMENTATION_COMMENTS = YES;
				CLANG_WARN_EMPTY_BODY = YES;
				CLANG_WARN_ENUM_CONVERSION = YES;
				CLANG_WARN_INFINITE_RECURSION = YES;
				CLANG_WARN_INT_CONVERSION = YES;
				CLANG_WARN_NON_LITERAL_NULL_CONVERSION = YES;
				CLANG_WARN_OBJC_IMPLICIT_RETAIN_SELF = YES;
				CLANG_WARN_OBJC_LITERAL_CONVERSION = YES;
				CLANG_WARN_OBJC_ROOT_CLASS = YES_ERROR;
				CLANG_WARN_QUOTED_INCLUDE_IN_FRAMEWORK_HEADER = YES;
				CLANG_WARN_RANGE_LOOP_ANALYSIS = YES;
				CLANG_WARN_STRICT_PROTOTYPES = YES;
				CLANG_WARN_SUSPICIOUS_MOVE = YES;
				CLANG_WARN_UNGUARDED_AVAILABILITY = YES_AGGRESSIVE;
				CLANG_WARN_UNREACHABLE_CODE = YES;
				CLANG_WARN__DUPLICATE_METHOD_MATCH = YES;
				COPY_PHASE_STRIP = NO;
				DEBUG_INFORMATION_FORMAT = dwarf;
				ENABLE_STRICT_OBJC_MSGSEND = YES;
				ENABLE_TESTABILITY = YES;
				ENABLE_USER_SCRIPT_SANDBOXING = YES;
				GCC_C_LANGUAGE_STANDARD = gnu17;
				GCC_DYNAMIC_NO_PIC = NO;
				GCC_NO_COMMON_BLOCKS = YES;
				GCC_OPTIMIZATION_LEVEL = 0;
				GCC_PREPROCESSOR_DEFINITIONS = (
					"DEBUG=1",
					"$(inherited)",
				);
				GCC_WARN_64_TO_32_BIT_CONVERSION = YES;
				GCC_WARN_ABOUT_RETURN_TYPE = YES_ERROR;
				GCC_WARN_UNDECLARED_SELECTOR = YES;
				GCC_WARN_UNINITIALIZED_AUTOS = YES_AGGRESSIVE;
				GCC_WARN_UNUSED_FUNCTION = YES;
				GCC_WARN_UNUSED_VARIABLE = YES;
				IPHONEOS_DEPLOYMENT_TARGET = 17.5;
				LOCALIZATION_PREFERS_STRING_CATALOGS = YES;
				MTL_ENABLE_DEBUG_INFO = INCLUDE_SOURCE;
				MTL_FAST_MATH = YES;
				ONLY_ACTIVE_ARCH = YES;
				SDKROOT = iphoneos;
				SWIFT_ACTIVE_COMPILATION_CONDITIONS = "DEBUG $(inherited)";
				SWIFT_OPTIMIZATION_LEVEL = "-Onone";
			};
			name = Debug;
		};
		79718D272CA977F30003CFC4 /* Release */ = {
			isa = XCBuildConfiguration;
			buildSettings = {
				ALWAYS_SEARCH_USER_PATHS = NO;
				ASSETCATALOG_COMPILER_GENERATE_SWIFT_ASSET_SYMBOL_EXTENSIONS = YES;
				CLANG_ANALYZER_NONNULL = YES;
				CLANG_ANALYZER_NUMBER_OBJECT_CONVERSION = YES_AGGRESSIVE;
				CLANG_CXX_LANGUAGE_STANDARD = "gnu++20";
				CLANG_ENABLE_MODULES = YES;
				CLANG_ENABLE_OBJC_ARC = YES;
				CLANG_ENABLE_OBJC_WEAK = YES;
				CLANG_WARN_BLOCK_CAPTURE_AUTORELEASING = YES;
				CLANG_WARN_BOOL_CONVERSION = YES;
				CLANG_WARN_COMMA = YES;
				CLANG_WARN_CONSTANT_CONVERSION = YES;
				CLANG_WARN_DEPRECATED_OBJC_IMPLEMENTATIONS = YES;
				CLANG_WARN_DIRECT_OBJC_ISA_USAGE = YES_ERROR;
				CLANG_WARN_DOCUMENTATION_COMMENTS = YES;
				CLANG_WARN_EMPTY_BODY = YES;
				CLANG_WARN_ENUM_CONVERSION = YES;
				CLANG_WARN_INFINITE_RECURSION = YES;
				CLANG_WARN_INT_CONVERSION = YES;
				CLANG_WARN_NON_LITERAL_NULL_CONVERSION = YES;
				CLANG_WARN_OBJC_IMPLICIT_RETAIN_SELF = YES;
				CLANG_WARN_OBJC_LITERAL_CONVERSION = YES;
				CLANG_WARN_OBJC_ROOT_CLASS = YES_ERROR;
				CLANG_WARN_QUOTED_INCLUDE_IN_FRAMEWORK_HEADER = YES;
				CLANG_WARN_RANGE_LOOP_ANALYSIS = YES;
				CLANG_WARN_STRICT_PROTOTYPES = YES;
				CLANG_WARN_SUSPICIOUS_MOVE = YES;
				CLANG_WARN_UNGUARDED_AVAILABILITY = YES_AGGRESSIVE;
				CLANG_WARN_UNREACHABLE_CODE = YES;
				CLANG_WARN__DUPLICATE_METHOD_MATCH = YES;
				COPY_PHASE_STRIP = NO;
				DEBUG_INFORMATION_FORMAT = "dwarf-with-dsym";
				ENABLE_NS_ASSERTIONS = NO;
				ENABLE_STRICT_OBJC_MSGSEND = YES;
				ENABLE_USER_SCRIPT_SANDBOXING = YES;
				GCC_C_LANGUAGE_STANDARD = gnu17;
				GCC_NO_COMMON_BLOCKS = YES;
				GCC_WARN_64_TO_32_BIT_CONVERSION = YES;
				GCC_WARN_ABOUT_RETURN_TYPE = YES_ERROR;
				GCC_WARN_UNDECLARED_SELECTOR = YES;
				GCC_WARN_UNINITIALIZED_AUTOS = YES_AGGRESSIVE;
				GCC_WARN_UNUSED_FUNCTION = YES;
				GCC_WARN_UNUSED_VARIABLE = YES;
				IPHONEOS_DEPLOYMENT_TARGET = 17.5;
				LOCALIZATION_PREFERS_STRING_CATALOGS = YES;
				MTL_ENABLE_DEBUG_INFO = NO;
				MTL_FAST_MATH = YES;
				SDKROOT = iphoneos;
				SWIFT_COMPILATION_MODE = wholemodule;
				VALIDATE_PRODUCT = YES;
			};
			name = Release;
		};
		79718D292CA977F30003CFC4 /* Debug */ = {
			isa = XCBuildConfiguration;
			buildSettings = {
				ASSETCATALOG_COMPILER_APPICON_NAME = AppIcon;
				ASSETCATALOG_COMPILER_GLOBAL_ACCENT_COLOR_NAME = AccentColor;
				CODE_SIGN_STYLE = Automatic;
				CURRENT_PROJECT_VERSION = 1;
				DEVELOPMENT_ASSET_PATHS = "\"preasentMe/Preview Content\"";
				ENABLE_PREVIEWS = YES;
				GENERATE_INFOPLIST_FILE = YES;
				INFOPLIST_KEY_UIApplicationSceneManifest_Generation = YES;
				INFOPLIST_KEY_UIApplicationSupportsIndirectInputEvents = YES;
				INFOPLIST_KEY_UILaunchScreen_Generation = YES;
				INFOPLIST_KEY_UISupportedInterfaceOrientations_iPad = "UIInterfaceOrientationPortrait UIInterfaceOrientationPortraitUpsideDown UIInterfaceOrientationLandscapeLeft UIInterfaceOrientationLandscapeRight";
				INFOPLIST_KEY_UISupportedInterfaceOrientations_iPhone = "UIInterfaceOrientationPortrait UIInterfaceOrientationLandscapeLeft UIInterfaceOrientationLandscapeRight";
				LD_RUNPATH_SEARCH_PATHS = (
					"$(inherited)",
					"@executable_path/Frameworks",
				);
				MARKETING_VERSION = 1.0;
				PRODUCT_BUNDLE_IDENTIFIER = "lujain-mohammed.preasentMe";
				PRODUCT_NAME = "$(TARGET_NAME)";
				SWIFT_EMIT_LOC_STRINGS = YES;
				SWIFT_VERSION = 5.0;
				TARGETED_DEVICE_FAMILY = "1,2";
			};
			name = Debug;
		};
		79718D2A2CA977F30003CFC4 /* Release */ = {
			isa = XCBuildConfiguration;
			buildSettings = {
				ASSETCATALOG_COMPILER_APPICON_NAME = AppIcon;
				ASSETCATALOG_COMPILER_GLOBAL_ACCENT_COLOR_NAME = AccentColor;
				CODE_SIGN_STYLE = Automatic;
				CURRENT_PROJECT_VERSION = 1;
				DEVELOPMENT_ASSET_PATHS = "\"preasentMe/Preview Content\"";
				ENABLE_PREVIEWS = YES;
				GENERATE_INFOPLIST_FILE = YES;
				INFOPLIST_KEY_UIApplicationSceneManifest_Generation = YES;
				INFOPLIST_KEY_UIApplicationSupportsIndirectInputEvents = YES;
				INFOPLIST_KEY_UILaunchScreen_Generation = YES;
				INFOPLIST_KEY_UISupportedInterfaceOrientations_iPad = "UIInterfaceOrientationPortrait UIInterfaceOrientationPortraitUpsideDown UIInterfaceOrientationLandscapeLeft UIInterfaceOrientationLandscapeRight";
				INFOPLIST_KEY_UISupportedInterfaceOrientations_iPhone = "UIInterfaceOrientationPortrait UIInterfaceOrientationLandscapeLeft UIInterfaceOrientationLandscapeRight";
				LD_RUNPATH_SEARCH_PATHS = (
					"$(inherited)",
					"@executable_path/Frameworks",
				);
				MARKETING_VERSION = 1.0;
				PRODUCT_BUNDLE_IDENTIFIER = "lujain-mohammed.preasentMe";
				PRODUCT_NAME = "$(TARGET_NAME)";
				SWIFT_EMIT_LOC_STRINGS = YES;
				SWIFT_VERSION = 5.0;
				TARGETED_DEVICE_FAMILY = "1,2";
			};
			name = Release;
		};
		79718D2C2CA977F30003CFC4 /* Debug */ = {
			isa = XCBuildConfiguration;
			buildSettings = {
				ALWAYS_EMBED_SWIFT_STANDARD_LIBRARIES = YES;
				BUNDLE_LOADER = "$(TEST_HOST)";
				CODE_SIGN_STYLE = Automatic;
				CURRENT_PROJECT_VERSION = 1;
				GENERATE_INFOPLIST_FILE = YES;
				IPHONEOS_DEPLOYMENT_TARGET = 17.5;
				MARKETING_VERSION = 1.0;
				PRODUCT_BUNDLE_IDENTIFIER = "lujain-mohammed.preasentMeTests";
				PRODUCT_NAME = "$(TARGET_NAME)";
				SWIFT_EMIT_LOC_STRINGS = NO;
				SWIFT_VERSION = 5.0;
				TARGETED_DEVICE_FAMILY = "1,2";
				TEST_HOST = "$(BUILT_PRODUCTS_DIR)/preasentMe.app/$(BUNDLE_EXECUTABLE_FOLDER_PATH)/preasentMe";
			};
			name = Debug;
		};
		79718D2D2CA977F30003CFC4 /* Release */ = {
			isa = XCBuildConfiguration;
			buildSettings = {
				ALWAYS_EMBED_SWIFT_STANDARD_LIBRARIES = YES;
				BUNDLE_LOADER = "$(TEST_HOST)";
				CODE_SIGN_STYLE = Automatic;
				CURRENT_PROJECT_VERSION = 1;
				GENERATE_INFOPLIST_FILE = YES;
				IPHONEOS_DEPLOYMENT_TARGET = 17.5;
				MARKETING_VERSION = 1.0;
				PRODUCT_BUNDLE_IDENTIFIER = "lujain-mohammed.preasentMeTests";
				PRODUCT_NAME = "$(TARGET_NAME)";
				SWIFT_EMIT_LOC_STRINGS = NO;
				SWIFT_VERSION = 5.0;
				TARGETED_DEVICE_FAMILY = "1,2";
				TEST_HOST = "$(BUILT_PRODUCTS_DIR)/preasentMe.app/$(BUNDLE_EXECUTABLE_FOLDER_PATH)/preasentMe";
			};
			name = Release;
		};
		79718D2F2CA977F30003CFC4 /* Debug */ = {
			isa = XCBuildConfiguration;
			buildSettings = {
				ALWAYS_EMBED_SWIFT_STANDARD_LIBRARIES = YES;
				CODE_SIGN_STYLE = Automatic;
				CURRENT_PROJECT_VERSION = 1;
				GENERATE_INFOPLIST_FILE = YES;
				MARKETING_VERSION = 1.0;
				PRODUCT_BUNDLE_IDENTIFIER = "lujain-mohammed.preasentMeUITests";
				PRODUCT_NAME = "$(TARGET_NAME)";
				SWIFT_EMIT_LOC_STRINGS = NO;
				SWIFT_VERSION = 5.0;
				TARGETED_DEVICE_FAMILY = "1,2";
				TEST_TARGET_NAME = preasentMe;
			};
			name = Debug;
		};
		79718D302CA977F30003CFC4 /* Release */ = {
			isa = XCBuildConfiguration;
			buildSettings = {
				ALWAYS_EMBED_SWIFT_STANDARD_LIBRARIES = YES;
				CODE_SIGN_STYLE = Automatic;
				CURRENT_PROJECT_VERSION = 1;
				GENERATE_INFOPLIST_FILE = YES;
				MARKETING_VERSION = 1.0;
				PRODUCT_BUNDLE_IDENTIFIER = "lujain-mohammed.preasentMeUITests";
				PRODUCT_NAME = "$(TARGET_NAME)";
				SWIFT_EMIT_LOC_STRINGS = NO;
				SWIFT_VERSION = 5.0;
				TARGETED_DEVICE_FAMILY = "1,2";
				TEST_TARGET_NAME = preasentMe;
			};
			name = Release;
		};
/* End XCBuildConfiguration section */

/* Begin XCConfigurationList section */
		79718CFF2CA977F20003CFC4 /* Build configuration list for PBXProject "preasentMe" */ = {
			isa = XCConfigurationList;
			buildConfigurations = (
				79718D262CA977F30003CFC4 /* Debug */,
				79718D272CA977F30003CFC4 /* Release */,
			);
			defaultConfigurationIsVisible = 0;
			defaultConfigurationName = Release;
		};
		79718D282CA977F30003CFC4 /* Build configuration list for PBXNativeTarget "preasentMe" */ = {
			isa = XCConfigurationList;
			buildConfigurations = (
				79718D292CA977F30003CFC4 /* Debug */,
				79718D2A2CA977F30003CFC4 /* Release */,
			);
			defaultConfigurationIsVisible = 0;
			defaultConfigurationName = Release;
		};
		79718D2B2CA977F30003CFC4 /* Build configuration list for PBXNativeTarget "preasentMeTests" */ = {
			isa = XCConfigurationList;
			buildConfigurations = (
				79718D2C2CA977F30003CFC4 /* Debug */,
				79718D2D2CA977F30003CFC4 /* Release */,
			);
			defaultConfigurationIsVisible = 0;
			defaultConfigurationName = Release;
		};
		79718D2E2CA977F30003CFC4 /* Build configuration list for PBXNativeTarget "preasentMeUITests" */ = {
			isa = XCConfigurationList;
			buildConfigurations = (
				79718D2F2CA977F30003CFC4 /* Debug */,
				79718D302CA977F30003CFC4 /* Release */,
			);
			defaultConfigurationIsVisible = 0;
			defaultConfigurationName = Release;
		};
/* End XCConfigurationList section */
	};
	rootObject = 79718CFC2CA977F20003CFC4 /* Project object */;
}
